
Microsoft Visual Studio Solution File, Format Version 12.00
# Visual Studio Version 16
VisualStudioVersion = 16.0.32106.194
MinimumVisualStudioVersion = 10.0.40219.1
Project("{FAE04EC0-301F-11D3-BF4B-00C04F79EFBC}") = "3 Talker", "3 Talker.csproj", "{BE2BF312-3667-4C65-9938-82A362DC0B9C}"
EndProject
Global
	GlobalSection(SolutionConfigurationPlatforms) = preSolution
		Debug|Any CPU = Debug|Any CPU
		Release|Any CPU = Release|Any CPU
	EndGlobalSection
	GlobalSection(ProjectConfigurationPlatforms) = postSolution
		{BE2BF312-3667-4C65-9938-82A362DC0B9C}.Debug|Any CPU.ActiveCfg = Debug|Any CPU
		{BE2BF312-3667-4C65-9938-82A362DC0B9C}.Debug|Any CPU.Build.0 = Debug|Any CPU
		{BE2BF312-3667-4C65-9938-82A362DC0B9C}.Release|Any CPU.ActiveCfg = Release|Any CPU
		{BE2BF312-3667-4C65-9938-82A362DC0B9C}.Release|Any CPU.Build.0 = Release|Any CPU
	EndGlobalSection
	GlobalSection(SolutionProperties) = preSolution
		HideSolutionNode = FALSE
	EndGlobalSection
	GlobalSection(ExtensibilityGlobals) = postSolution
		SolutionGuid = {6DE28CDF-E0EB-4933-9D7F-1BB081D1984C}
	EndGlobalSection
EndGlobal
